
Microsoft Visual Studio Solution File, Format Version 12.00
# Visual Studio 15
VisualStudioVersion = 15.0.28307.106
MinimumVisualStudioVersion = 10.0.40219.1
Project("{888888A0-9F3D-457C-B088-3A5042F75D52}") = "Monte", "Monte.pyproj", "{25F2D80E-6715-476D-AF28-56A3C74DAFB5}"
EndProject
Global
	GlobalSection(SolutionConfigurationPlatforms) = preSolution
		Debug|Any CPU = Debug|Any CPU
		Release|Any CPU = Release|Any CPU
	EndGlobalSection
	GlobalSection(ProjectConfigurationPlatforms) = postSolution
		{25F2D80E-6715-476D-AF28-56A3C74DAFB5}.Debug|Any CPU.ActiveCfg = Debug|Any CPU
		{25F2D80E-6715-476D-AF28-56A3C74DAFB5}.Release|Any CPU.ActiveCfg = Release|Any CPU
	EndGlobalSection
	GlobalSection(SolutionProperties) = preSolution
		HideSolutionNode = FALSE
	EndGlobalSection
	GlobalSection(ExtensibilityGlobals) = postSolution
		SolutionGuid = {065424D0-63A7-4FC1-A016-9D5921A05BF1}
	EndGlobalSection
EndGlobal
